// !$*UTF8*$!
{
	archiveVersion = 1;
	classes = {
	};
	objectVersion = 77;
	objects = {

/* Begin PBXBuildFile section */
		81E6318C2E1FFEF900B32992 /* FirebaseAnalytics in Frameworks */ = {isa = PBXBuildFile; productRef = 81E6318B2E1FFEF900B32992 /* FirebaseAnalytics */; };
		81E6318E2E1FFEF900B32992 /* FirebaseAppCheck in Frameworks */ = {isa = PBXBuildFile; productRef = 81E6318D2E1FFEF900B32992 /* FirebaseAppCheck */; };
		81E631902E1FFEF900B32992 /* FirebaseAuth in Frameworks */ = {isa = PBXBuildFile; productRef = 81E6318F2E1FFEF900B32992 /* FirebaseAuth */; };
		81E631922E1FFEF900B32992 /* FirebaseCore in Frameworks */ = {isa = PBXBuildFile; productRef = 81E631912E1FFEF900B32992 /* FirebaseCore */; };
		81E631942E1FFEF900B32992 /* FirebaseCrashlytics in Frameworks */ = {isa = PBXBuildFile; productRef = 81E631932E1FFEF900B32992 /* FirebaseCrashlytics */; };
		81E631962E1FFEF900B32992 /* FirebaseDatabase in Frameworks */ = {isa = PBXBuildFile; productRef = 81E631952E1FFEF900B32992 /* FirebaseDatabase */; };
		81E631982E1FFEF900B32992 /* FirebaseFirestore in Frameworks */ = {isa = PBXBuildFile; productRef = 81E631972E1FFEF900B32992 /* FirebaseFirestore */; };
		81E6319A2E1FFEF900B32992 /* FirebaseFunctions in Frameworks */ = {isa = PBXBuildFile; productRef = 81E631992E1FFEF900B32992 /* FirebaseFunctions */; };
		81E6319C2E1FFEF900B32992 /* FirebaseMessaging in Frameworks */ = {isa = PBXBuildFile; productRef = 81E6319B2E1FFEF900B32992 /* FirebaseMessaging */; };
		81E6319E2E1FFEF900B32992 /* FirebasePerformance in Frameworks */ = {isa = PBXBuildFile; productRef = 81E6319D2E1FFEF900B32992 /* FirebasePerformance */; };
		81E631A02E1FFEF900B32992 /* FirebaseRemoteConfig in Frameworks */ = {isa = PBXBuildFile; productRef = 81E6319F2E1FFEF900B32992 /* FirebaseRemoteConfig */; };
		81E631A22E1FFEF900B32992 /* FirebaseStorage in Frameworks */ = {isa = PBXBuildFile; productRef = 81E631A12E1FFEF900B32992 /* FirebaseStorage */; };
/* End PBXBuildFile section */

/* Begin PBXContainerItemProxy section */
		81E631602E1FEC6F00B32992 /* PBXContainerItemProxy */ = {
			isa = PBXContainerItemProxy;
			containerPortal = 81E631482E1FEC6E00B32992 /* Project object */;
			proxyType = 1;
			remoteGlobalIDString = 81E6314F2E1FEC6E00B32992;
			remoteInfo = Sway;
		};
		81E6316A2E1FEC6F00B32992 /* PBXContainerItemProxy */ = {
			isa = PBXContainerItemProxy;
			containerPortal = 81E631482E1FEC6E00B32992 /* Project object */;
			proxyType = 1;
			remoteGlobalIDString = 81E6314F2E1FEC6E00B32992;
			remoteInfo = Sway;
		};
/* End PBXContainerItemProxy section */

/* Begin PBXFileReference section */
		81E631502E1FEC6E00B32992 /* Sway.app */ = {isa = PBXFileReference; explicitFileType = wrapper.application; includeInIndex = 0; path = Sway.app; sourceTree = BUILT_PRODUCTS_DIR; };
		81E6315F2E1FEC6F00B32992 /* SwayTests.xctest */ = {isa = PBXFileReference; explicitFileType = wrapper.cfbundle; includeInIndex = 0; path = SwayTests.xctest; sourceTree = BUILT_PRODUCTS_DIR; };
		81E631692E1FEC6F00B32992 /* SwayUITests.xctest */ = {isa = PBXFileReference; explicitFileType = wrapper.cfbundle; includeInIndex = 0; path = SwayUITests.xctest; sourceTree = BUILT_PRODUCTS_DIR; };
/* End PBXFileReference section */

/* Begin PBXFileSystemSynchronizedBuildFileExceptionSet section */
		81E631A42E20064600B32992 /* Exceptions for "Sway" folder in "Sway" target */ = {
			isa = PBXFileSystemSynchronizedBuildFileExceptionSet;
			membershipExceptions = (
				Application/Info.plist,
			);
			target = 81E6314F2E1FEC6E00B32992 /* Sway */;
		};
/* End PBXFileSystemSynchronizedBuildFileExceptionSet section */

/* Begin PBXFileSystemSynchronizedRootGroup section */
		81E631522E1FEC6E00B32992 /* Sway */ = {
			isa = PBXFileSystemSynchronizedRootGroup;
			exceptions = (
				81E631A42E20064600B32992 /* Exceptions for "Sway" folder in "Sway" target */,
			);
			path = Sway;
			sourceTree = "<group>";
		};
		81E631622E1FEC6F00B32992 /* SwayTests */ = {
			isa = PBXFileSystemSynchronizedRootGroup;
			path = SwayTests;
			sourceTree = "<group>";
		};
		81E6316C2E1FEC6F00B32992 /* SwayUITests */ = {
			isa = PBXFileSystemSynchronizedRootGroup;
			path = SwayUITests;
			sourceTree = "<group>";
		};
/* End PBXFileSystemSynchronizedRootGroup section */

/* Begin PBXFrameworksBuildPhase section */
		81E6314D2E1FEC6E00B32992 /* Frameworks */ = {
			isa = PBXFrameworksBuildPhase;
			buildActionMask = 2147483647;
			files = (
				81E631A02E1FFEF900B32992 /* FirebaseRemoteConfig in Frameworks */,
				81E6319C2E1FFEF900B32992 /* FirebaseMessaging in Frameworks */,
				81E631962E1FFEF900B32992 /* FirebaseDatabase in Frameworks */,
				81E6319E2E1FFEF900B32992 /* FirebasePerformance in Frameworks */,
				81E6318E2E1FFEF900B32992 /* FirebaseAppCheck in Frameworks */,
				81E631A22E1FFEF900B32992 /* FirebaseStorage in Frameworks */,
				81E631902E1FFEF900B32992 /* FirebaseAuth in Frameworks */,
				81E6319A2E1FFEF900B32992 /* FirebaseFunctions in Frameworks */,
				81E631942E1FFEF900B32992 /* FirebaseCrashlytics in Frameworks */,
				81E631922E1FFEF900B32992 /* FirebaseCore in Frameworks */,
				81E6318C2E1FFEF900B32992 /* FirebaseAnalytics in Frameworks */,
				81E631982E1FFEF900B32992 /* FirebaseFirestore in Frameworks */,
			);
			runOnlyForDeploymentPostprocessing = 0;
		};
		81E6315C2E1FEC6F00B32992 /* Frameworks */ = {
			isa = PBXFrameworksBuildPhase;
			buildActionMask = 2147483647;
			files = (
			);
			runOnlyForDeploymentPostprocessing = 0;
		};
		81E631662E1FEC6F00B32992 /* Frameworks */ = {
			isa = PBXFrameworksBuildPhase;
			buildActionMask = 2147483647;
			files = (
			);
			runOnlyForDeploymentPostprocessing = 0;
		};
/* End PBXFrameworksBuildPhase section */

/* Begin PBXGroup section */
		81E631472E1FEC6E00B32992 = {
			isa = PBXGroup;
			children = (
				81E631522E1FEC6E00B32992 /* Sway */,
				81E631622E1FEC6F00B32992 /* SwayTests */,
				81E6316C2E1FEC6F00B32992 /* SwayUITests */,
				81E631512E1FEC6E00B32992 /* Products */,
			);
			sourceTree = "<group>";
		};
		81E631512E1FEC6E00B32992 /* Products */ = {
			isa = PBXGroup;
			children = (
				81E631502E1FEC6E00B32992 /* Sway.app */,
				81E6315F2E1FEC6F00B32992 /* SwayTests.xctest */,
				81E631692E1FEC6F00B32992 /* SwayUITests.xctest */,
			);
			name = Products;
			sourceTree = "<group>";
		};
/* End PBXGroup section */

/* Begin PBXNativeTarget section */
		81E6314F2E1FEC6E00B32992 /* Sway */ = {
			isa = PBXNativeTarget;
			buildConfigurationList = 81E631732E1FEC6F00B32992 /* Build configuration list for PBXNativeTarget "Sway" */;
			buildPhases = (
				81E6314C2E1FEC6E00B32992 /* Sources */,
				81E6314D2E1FEC6E00B32992 /* Frameworks */,
				81E6314E2E1FEC6E00B32992 /* Resources */,
			);
			buildRules = (
			);
			dependencies = (
			);
			fileSystemSynchronizedGroups = (
				81E631522E1FEC6E00B32992 /* Sway */,
			);
			name = Sway;
			packageProductDependencies = (
				81E6318B2E1FFEF900B32992 /* FirebaseAnalytics */,
				81E6318D2E1FFEF900B32992 /* FirebaseAppCheck */,
				81E6318F2E1FFEF900B32992 /* FirebaseAuth */,
				81E631912E1FFEF900B32992 /* FirebaseCore */,
				81E631932E1FFEF900B32992 /* FirebaseCrashlytics */,
				81E631952E1FFEF900B32992 /* FirebaseDatabase */,
				81E631972E1FFEF900B32992 /* FirebaseFirestore */,
				81E631992E1FFEF900B32992 /* FirebaseFunctions */,
				81E6319B2E1FFEF900B32992 /* FirebaseMessaging */,
				81E6319D2E1FFEF900B32992 /* FirebasePerformance */,
				81E6319F2E1FFEF900B32992 /* FirebaseRemoteConfig */,
				81E631A12E1FFEF900B32992 /* FirebaseStorage */,
			);
			productName = Sway;
			productReference = 81E631502E1FEC6E00B32992 /* Sway.app */;
			productType = "com.apple.product-type.application";
		};
		81E6315E2E1FEC6F00B32992 /* SwayTests */ = {
			isa = PBXNativeTarget;
			buildConfigurationList = 81E631762E1FEC6F00B32992 /* Build configuration list for PBXNativeTarget "SwayTests" */;
			buildPhases = (
				81E6315B2E1FEC6F00B32992 /* Sources */,
				81E6315C2E1FEC6F00B32992 /* Frameworks */,
				81E6315D2E1FEC6F00B32992 /* Resources */,
			);
			buildRules = (
			);
			dependencies = (
				81E631612E1FEC6F00B32992 /* PBXTargetDependency */,
			);
			fileSystemSynchronizedGroups = (
				81E631622E1FEC6F00B32992 /* SwayTests */,
			);
			name = SwayTests;
			packageProductDependencies = (
			);
			productName = SwayTests;
			productReference = 81E6315F2E1FEC6F00B32992 /* SwayTests.xctest */;
			productType = "com.apple.product-type.bundle.unit-test";
		};
		81E631682E1FEC6F00B32992 /* SwayUITests */ = {
			isa = PBXNativeTarget;
			buildConfigurationList = 81E631792E1FEC6F00B32992 /* Build configuration list for PBXNativeTarget "SwayUITests" */;
			buildPhases = (
				81E631652E1FEC6F00B32992 /* Sources */,
				81E631662E1FEC6F00B32992 /* Frameworks */,
				81E631672E1FEC6F00B32992 /* Resources */,
			);
			buildRules = (
			);
			dependencies = (
				81E6316B2E1FEC6F00B32992 /* PBXTargetDependency */,
			);
			fileSystemSynchronizedGroups = (
				81E6316C2E1FEC6F00B32992 /* SwayUITests */,
			);
			name = SwayUITests;
			packageProductDependencies = (
			);
			productName = SwayUITests;
			productReference = 81E631692E1FEC6F00B32992 /* SwayUITests.xctest */;
			productType = "com.apple.product-type.bundle.ui-testing";
		};
/* End PBXNativeTarget section */

/* Begin PBXProject section */
		81E631482E1FEC6E00B32992 /* Project object */ = {
			isa = PBXProject;
			attributes = {
				BuildIndependentTargetsInParallel = 1;
				LastSwiftUpdateCheck = 1640;
				LastUpgradeCheck = 1640;
				TargetAttributes = {
					81E6314F2E1FEC6E00B32992 = {
						CreatedOnToolsVersion = 16.4;
					};
					81E6315E2E1FEC6F00B32992 = {
						CreatedOnToolsVersion = 16.4;
						TestTargetID = 81E6314F2E1FEC6E00B32992;
					};
					81E631682E1FEC6F00B32992 = {
						CreatedOnToolsVersion = 16.4;
						TestTargetID = 81E6314F2E1FEC6E00B32992;
					};
				};
			};
			buildConfigurationList = 81E6314B2E1FEC6E00B32992 /* Build configuration list for PBXProject "Sway" */;
			developmentRegion = en;
			hasScannedForEncodings = 0;
			knownRegions = (
				en,
				Base,
			);
			mainGroup = 81E631472E1FEC6E00B32992;
			minimizedProjectReferenceProxies = 1;
			packageReferences = (
				81E6318A2E1FFEF900B32992 /* XCRemoteSwiftPackageReference "firebase-ios-sdk" */,
			);
			preferredProjectObjectVersion = 77;
			productRefGroup = 81E631512E1FEC6E00B32992 /* Products */;
			projectDirPath = "";
			projectRoot = "";
			targets = (
				81E6314F2E1FEC6E00B32992 /* Sway */,
				81E6315E2E1FEC6F00B32992 /* SwayTests */,
				81E631682E1FEC6F00B32992 /* SwayUITests */,
			);
		};
/* End PBXProject section */

/* Begin PBXResourcesBuildPhase section */
		81E6314E2E1FEC6E00B32992 /* Resources */ = {
			isa = PBXResourcesBuildPhase;
			buildActionMask = 2147483647;
			files = (
			);
			runOnlyForDeploymentPostprocessing = 0;
		};
		81E6315D2E1FEC6F00B32992 /* Resources */ = {
			isa = PBXResourcesBuildPhase;
			buildActionMask = 2147483647;
			files = (
			);
			runOnlyForDeploymentPostprocessing = 0;
		};
		81E631672E1FEC6F00B32992 /* Resources */ = {
			isa = PBXResourcesBuildPhase;
			buildActionMask = 2147483647;
			files = (
			);
			runOnlyForDeploymentPostprocessing = 0;
		};
/* End PBXResourcesBuildPhase section */

/* Begin PBXSourcesBuildPhase section */
		81E6314C2E1FEC6E00B32992 /* Sources */ = {
			isa = PBXSourcesBuildPhase;
			buildActionMask = 2147483647;
			files = (
			);
			runOnlyForDeploymentPostprocessing = 0;
		};
		81E6315B2E1FEC6F00B32992 /* Sources */ = {
			isa = PBXSourcesBuildPhase;
			buildActionMask = 2147483647;
			files = (
			);
			runOnlyForDeploymentPostprocessing = 0;
		};
		81E631652E1FEC6F00B32992 /* Sources */ = {
			isa = PBXSourcesBuildPhase;
			buildActionMask = 2147483647;
			files = (
			);
			runOnlyForDeploymentPostprocessing = 0;
		};
/* End PBXSourcesBuildPhase section */

/* Begin PBXTargetDependency section */
		81E631612E1FEC6F00B32992 /* PBXTargetDependency */ = {
			isa = PBXTargetDependency;
			target = 81E6314F2E1FEC6E00B32992 /* Sway */;
			targetProxy = 81E631602E1FEC6F00B32992 /* PBXContainerItemProxy */;
		};
		81E6316B2E1FEC6F00B32992 /* PBXTargetDependency */ = {
			isa = PBXTargetDependency;
			target = 81E6314F2E1FEC6E00B32992 /* Sway */;
			targetProxy = 81E6316A2E1FEC6F00B32992 /* PBXContainerItemProxy */;
		};
/* End PBXTargetDependency section */

/* Begin XCBuildConfiguration section */
		81E631712E1FEC6F00B32992 /* Debug */ = {
			isa = XCBuildConfiguration;
			buildSettings = {
				ALWAYS_SEARCH_USER_PATHS = NO;
				ASSETCATALOG_COMPILER_GENERATE_SWIFT_ASSET_SYMBOL_EXTENSIONS = YES;
				CLANG_ANALYZER_NONNULL = YES;
				CLANG_ANALYZER_NUMBER_OBJECT_CONVERSION = YES_AGGRESSIVE;
				CLANG_CXX_LANGUAGE_STANDARD = "gnu++20";
				CLANG_ENABLE_MODULES = YES;
				CLANG_ENABLE_OBJC_ARC = YES;
				CLANG_ENABLE_OBJC_WEAK = YES;
				CLANG_WARN_BLOCK_CAPTURE_AUTORELEASING = YES;
				CLANG_WARN_BOOL_CONVERSION = YES;
				CLANG_WARN_COMMA = YES;
				CLANG_WARN_CONSTANT_CONVERSION = YES;
				CLANG_WARN_DEPRECATED_OBJC_IMPLEMENTATIONS = YES;
				CLANG_WARN_DIRECT_OBJC_ISA_USAGE = YES_ERROR;
				CLANG_WARN_DOCUMENTATION_COMMENTS = YES;
				CLANG_WARN_EMPTY_BODY = YES;
				CLANG_WARN_ENUM_CONVERSION = YES;
				CLANG_WARN_INFINITE_RECURSION = YES;
				CLANG_WARN_INT_CONVERSION = YES;
				CLANG_WARN_NON_LITERAL_NULL_CONVERSION = YES;
				CLANG_WARN_OBJC_IMPLICIT_RETAIN_SELF = YES;
				CLANG_WARN_OBJC_LITERAL_CONVERSION = YES;
				CLANG_WARN_OBJC_ROOT_CLASS = YES_ERROR;
				CLANG_WARN_QUOTED_INCLUDE_IN_FRAMEWORK_HEADER = YES;
				CLANG_WARN_RANGE_LOOP_ANALYSIS = YES;
				CLANG_WARN_STRICT_PROTOTYPES = YES;
				CLANG_WARN_SUSPICIOUS_MOVE = YES;
				CLANG_WARN_UNGUARDED_AVAILABILITY = YES_AGGRESSIVE;
				CLANG_WARN_UNREACHABLE_CODE = YES;
				CLANG_WARN__DUPLICATE_METHOD_MATCH = YES;
				COPY_PHASE_STRIP = NO;
				DEBUG_INFORMATION_FORMAT = dwarf;
				ENABLE_STRICT_OBJC_MSGSEND = YES;
				ENABLE_TESTABILITY = YES;
				ENABLE_USER_SCRIPT_SANDBOXING = YES;
				GCC_C_LANGUAGE_STANDARD = gnu17;
				GCC_DYNAMIC_NO_PIC = NO;
				GCC_NO_COMMON_BLOCKS = YES;
				GCC_OPTIMIZATION_LEVEL = 0;
				GCC_PREPROCESSOR_DEFINITIONS = (
					"DEBUG=1",
					"$(inherited)",
				);
				GCC_WARN_64_TO_32_BIT_CONVERSION = YES;
				GCC_WARN_ABOUT_RETURN_TYPE = YES_ERROR;
				GCC_WARN_UNDECLARED_SELECTOR = YES;
				GCC_WARN_UNINITIALIZED_AUTOS = YES_AGGRESSIVE;
				GCC_WARN_UNUSED_FUNCTION = YES;
				GCC_WARN_UNUSED_VARIABLE = YES;
				IPHONEOS_DEPLOYMENT_TARGET = 18.5;
				LOCALIZATION_PREFERS_STRING_CATALOGS = YES;
				MTL_ENABLE_DEBUG_INFO = INCLUDE_SOURCE;
				MTL_FAST_MATH = YES;
				ONLY_ACTIVE_ARCH = YES;
				SDKROOT = iphoneos;
				SWIFT_ACTIVE_COMPILATION_CONDITIONS = "DEBUG $(inherited)";
				SWIFT_OPTIMIZATION_LEVEL = "-Onone";
			};
			name = Debug;
		};
		81E631722E1FEC6F00B32992 /* Release */ = {
			isa = XCBuildConfiguration;
			buildSettings = {
				ALWAYS_SEARCH_USER_PATHS = NO;
				ASSETCATALOG_COMPILER_GENERATE_SWIFT_ASSET_SYMBOL_EXTENSIONS = YES;
				CLANG_ANALYZER_NONNULL = YES;
				CLANG_ANALYZER_NUMBER_OBJECT_CONVERSION = YES_AGGRESSIVE;
				CLANG_CXX_LANGUAGE_STANDARD = "gnu++20";
				CLANG_ENABLE_MODULES = YES;
				CLANG_ENABLE_OBJC_ARC = YES;
				CLANG_ENABLE_OBJC_WEAK = YES;
				CLANG_WARN_BLOCK_CAPTURE_AUTORELEASING = YES;
				CLANG_WARN_BOOL_CONVERSION = YES;
				CLANG_WARN_COMMA = YES;
				CLANG_WARN_CONSTANT_CONVERSION = YES;
				CLANG_WARN_DEPRECATED_OBJC_IMPLEMENTATIONS = YES;
				CLANG_WARN_DIRECT_OBJC_ISA_USAGE = YES_ERROR;
				CLANG_WARN_DOCUMENTATION_COMMENTS = YES;
				CLANG_WARN_EMPTY_BODY = YES;
				CLANG_WARN_ENUM_CONVERSION = YES;
				CLANG_WARN_INFINITE_RECURSION = YES;
				CLANG_WARN_INT_CONVERSION = YES;
				CLANG_WARN_NON_LITERAL_NULL_CONVERSION = YES;
				CLANG_WARN_OBJC_IMPLICIT_RETAIN_SELF = YES;
				CLANG_WARN_OBJC_LITERAL_CONVERSION = YES;
				CLANG_WARN_OBJC_ROOT_CLASS = YES_ERROR;
				CLANG_WARN_QUOTED_INCLUDE_IN_FRAMEWORK_HEADER = YES;
				CLANG_WARN_RANGE_LOOP_ANALYSIS = YES;
				CLANG_WARN_STRICT_PROTOTYPES = YES;
				CLANG_WARN_SUSPICIOUS_MOVE = YES;
				CLANG_WARN_UNGUARDED_AVAILABILITY = YES_AGGRESSIVE;
				CLANG_WARN_UNREACHABLE_CODE = YES;
				CLANG_WARN__DUPLICATE_METHOD_MATCH = YES;
				COPY_PHASE_STRIP = NO;
				DEBUG_INFORMATION_FORMAT = "dwarf-with-dsym";
				ENABLE_NS_ASSERTIONS = NO;
				ENABLE_STRICT_OBJC_MSGSEND = YES;
				ENABLE_USER_SCRIPT_SANDBOXING = YES;
				GCC_C_LANGUAGE_STANDARD = gnu17;
				GCC_NO_COMMON_BLOCKS = YES;
				GCC_WARN_64_TO_32_BIT_CONVERSION = YES;
				GCC_WARN_ABOUT_RETURN_TYPE = YES_ERROR;
				GCC_WARN_UNDECLARED_SELECTOR = YES;
				GCC_WARN_UNINITIALIZED_AUTOS = YES_AGGRESSIVE;
				GCC_WARN_UNUSED_FUNCTION = YES;
				GCC_WARN_UNUSED_VARIABLE = YES;
				IPHONEOS_DEPLOYMENT_TARGET = 18.5;
				LOCALIZATION_PREFERS_STRING_CATALOGS = YES;
				MTL_ENABLE_DEBUG_INFO = NO;
				MTL_FAST_MATH = YES;
				SDKROOT = iphoneos;
				SWIFT_COMPILATION_MODE = wholemodule;
				VALIDATE_PRODUCT = YES;
			};
			name = Release;
		};
		81E631742E1FEC6F00B32992 /* Debug */ = {
			isa = XCBuildConfiguration;
			buildSettings = {
				ASSETCATALOG_COMPILER_APPICON_NAME = AppIcon;
				ASSETCATALOG_COMPILER_GLOBAL_ACCENT_COLOR_NAME = AccentColor;
				CODE_SIGN_ENTITLEMENTS = Sway/Application/Sway.entitlements;
				CODE_SIGN_IDENTITY = "Apple Development";
				CODE_SIGN_STYLE = Automatic;
				CURRENT_PROJECT_VERSION = 1;
				DEVELOPMENT_TEAM = Z73P3574DP;
				ENABLE_PREVIEWS = YES;
				GENERATE_INFOPLIST_FILE = YES;
				INFOPLIST_FILE = Sway/Application/Info.plist;
				INFOPLIST_KEY_UIApplicationSceneManifest_Generation = YES;
				INFOPLIST_KEY_UIApplicationSupportsIndirectInputEvents = YES;
				INFOPLIST_KEY_UILaunchScreen_Generation = YES;
				INFOPLIST_KEY_UISupportedInterfaceOrientations = UIInterfaceOrientationPortrait;
				INFOPLIST_KEY_UISupportedInterfaceOrientations_iPad = "UIInterfaceOrientationLandscapeLeft UIInterfaceOrientationLandscapeRight UIInterfaceOrientationPortrait UIInterfaceOrientationPortraitUpsideDown";
				IPHONEOS_DEPLOYMENT_TARGET = 17.6;
				LD_RUNPATH_SEARCH_PATHS = (
					"$(inherited)",
					"@executable_path/Frameworks",
				);
				MARKETING_VERSION = 1.0;
				PRODUCT_BUNDLE_IDENTIFIER = learning.Sway;
				PRODUCT_NAME = "$(TARGET_NAME)";
				PROVISIONING_PROFILE_SPECIFIER = "";
				SWIFT_EMIT_LOC_STRINGS = YES;
				SWIFT_VERSION = 5.0;
				TARGETED_DEVICE_FAMILY = "1,2";
			};
			name = Debug;
		};
		81E631752E1FEC6F00B32992 /* Release */ = {
			isa = XCBuildConfiguration;
			buildSettings = {
				ASSETCATALOG_COMPILER_APPICON_NAME = AppIcon;
				ASSETCATALOG_COMPILER_GLOBAL_ACCENT_COLOR_NAME = AccentColor;
				CODE_SIGN_ENTITLEMENTS = Sway/Application/Sway.entitlements;
				CODE_SIGN_IDENTITY = "Apple Development";
				CODE_SIGN_STYLE = Automatic;
				CURRENT_PROJECT_VERSION = 1;
				DEVELOPMENT_TEAM = Z73P3574DP;
				ENABLE_PREVIEWS = YES;
				GENERATE_INFOPLIST_FILE = YES;
				INFOPLIST_FILE = Sway/Application/Info.plist;
				INFOPLIST_KEY_UIApplicationSceneManifest_Generation = YES;
				INFOPLIST_KEY_UIApplicationSupportsIndirectInputEvents = YES;
				INFOPLIST_KEY_UILaunchScreen_Generation = YES;
				INFOPLIST_KEY_UISupportedInterfaceOrientations = UIInterfaceOrientationPortrait;
				INFOPLIST_KEY_UISupportedInterfaceOrientations_iPad = "UIInterfaceOrientationLandscapeLeft UIInterfaceOrientationLandscapeRight UIInterfaceOrientationPortrait UIInterfaceOrientationPortraitUpsideDown";
				IPHONEOS_DEPLOYMENT_TARGET = 17.6;
				LD_RUNPATH_SEARCH_PATHS = (
					"$(inherited)",
					"@executable_path/Frameworks",
				);
				MARKETING_VERSION = 1.0;
				PRODUCT_BUNDLE_IDENTIFIER = learning.Sway;
				PRODUCT_NAME = "$(TARGET_NAME)";
				PROVISIONING_PROFILE_SPECIFIER = "";
				SWIFT_EMIT_LOC_STRINGS = YES;
				SWIFT_VERSION = 5.0;
				TARGETED_DEVICE_FAMILY = "1,2";
			};
			name = Release;
		};
		81E631772E1FEC6F00B32992 /* Debug */ = {
			isa = XCBuildConfiguration;
			buildSettings = {
				BUNDLE_LOADER = "$(TEST_HOST)";
				CODE_SIGN_STYLE = Automatic;
				CURRENT_PROJECT_VERSION = 1;
				GENERATE_INFOPLIST_FILE = YES;
				IPHONEOS_DEPLOYMENT_TARGET = 18.5;
				MARKETING_VERSION = 1.0;
				PRODUCT_BUNDLE_IDENTIFIER = learning.SwayTests;
				PRODUCT_NAME = "$(TARGET_NAME)";
				SWIFT_EMIT_LOC_STRINGS = NO;
				SWIFT_VERSION = 5.0;
				TARGETED_DEVICE_FAMILY = "1,2";
				TEST_HOST = "$(BUILT_PRODUCTS_DIR)/Sway.app/$(BUNDLE_EXECUTABLE_FOLDER_PATH)/Sway";
			};
			name = Debug;
		};
		81E631782E1FEC6F00B32992 /* Release */ = {
			isa = XCBuildConfiguration;
			buildSettings = {
				BUNDLE_LOADER = "$(TEST_HOST)";
				CODE_SIGN_STYLE = Automatic;
				CURRENT_PROJECT_VERSION = 1;
				GENERATE_INFOPLIST_FILE = YES;
				IPHONEOS_DEPLOYMENT_TARGET = 18.5;
				MARKETING_VERSION = 1.0;
				PRODUCT_BUNDLE_IDENTIFIER = learning.SwayTests;
				PRODUCT_NAME = "$(TARGET_NAME)";
				SWIFT_EMIT_LOC_STRINGS = NO;
				SWIFT_VERSION = 5.0;
				TARGETED_DEVICE_FAMILY = "1,2";
				TEST_HOST = "$(BUILT_PRODUCTS_DIR)/Sway.app/$(BUNDLE_EXECUTABLE_FOLDER_PATH)/Sway";
			};
			name = Release;
		};
		81E6317A2E1FEC6F00B32992 /* Debug */ = {
			isa = XCBuildConfiguration;
			buildSettings = {
				CODE_SIGN_STYLE = Automatic;
				CURRENT_PROJECT_VERSION = 1;
				GENERATE_INFOPLIST_FILE = YES;
				MARKETING_VERSION = 1.0;
				PRODUCT_BUNDLE_IDENTIFIER = learning.SwayUITests;
				PRODUCT_NAME = "$(TARGET_NAME)";
				SWIFT_EMIT_LOC_STRINGS = NO;
				SWIFT_VERSION = 5.0;
				TARGETED_DEVICE_FAMILY = "1,2";
				TEST_TARGET_NAME = Sway;
			};
			name = Debug;
		};
		81E6317B2E1FEC6F00B32992 /* Release */ = {
			isa = XCBuildConfiguration;
			buildSettings = {
				CODE_SIGN_STYLE = Automatic;
				CURRENT_PROJECT_VERSION = 1;
				GENERATE_INFOPLIST_FILE = YES;
				MARKETING_VERSION = 1.0;
				PRODUCT_BUNDLE_IDENTIFIER = learning.SwayUITests;
				PRODUCT_NAME = "$(TARGET_NAME)";
				SWIFT_EMIT_LOC_STRINGS = NO;
				SWIFT_VERSION = 5.0;
				TARGETED_DEVICE_FAMILY = "1,2";
				TEST_TARGET_NAME = Sway;
			};
			name = Release;
		};
/* End XCBuildConfiguration section */

/* Begin XCConfigurationList section */
		81E6314B2E1FEC6E00B32992 /* Build configuration list for PBXProject "Sway" */ = {
			isa = XCConfigurationList;
			buildConfigurations = (
				81E631712E1FEC6F00B32992 /* Debug */,
				81E631722E1FEC6F00B32992 /* Release */,
			);
			defaultConfigurationIsVisible = 0;
			defaultConfigurationName = Release;
		};
		81E631732E1FEC6F00B32992 /* Build configuration list for PBXNativeTarget "Sway" */ = {
			isa = XCConfigurationList;
			buildConfigurations = (
				81E631742E1FEC6F00B32992 /* Debug */,
				81E631752E1FEC6F00B32992 /* Release */,
			);
			defaultConfigurationIsVisible = 0;
			defaultConfigurationName = Release;
		};
		81E631762E1FEC6F00B32992 /* Build configuration list for PBXNativeTarget "SwayTests" */ = {
			isa = XCConfigurationList;
			buildConfigurations = (
				81E631772E1FEC6F00B32992 /* Debug */,
				81E631782E1FEC6F00B32992 /* Release */,
			);
			defaultConfigurationIsVisible = 0;
			defaultConfigurationName = Release;
		};
		81E631792E1FEC6F00B32992 /* Build configuration list for PBXNativeTarget "SwayUITests" */ = {
			isa = XCConfigurationList;
			buildConfigurations = (
				81E6317A2E1FEC6F00B32992 /* Debug */,
				81E6317B2E1FEC6F00B32992 /* Release */,
			);
			defaultConfigurationIsVisible = 0;
			defaultConfigurationName = Release;
		};
/* End XCConfigurationList section */

/* Begin XCRemoteSwiftPackageReference section */
		81E6318A2E1FFEF900B32992 /* XCRemoteSwiftPackageReference "firebase-ios-sdk" */ = {
			isa = XCRemoteSwiftPackageReference;
			repositoryURL = "https://github.com/firebase/firebase-ios-sdk";
			requirement = {
				kind = upToNextMajorVersion;
				minimumVersion = 11.15.0;
			};
		};
/* End XCRemoteSwiftPackageReference section */

/* Begin XCSwiftPackageProductDependency section */
		81E6318B2E1FFEF900B32992 /* FirebaseAnalytics */ = {
			isa = XCSwiftPackageProductDependency;
			package = 81E6318A2E1FFEF900B32992 /* XCRemoteSwiftPackageReference "firebase-ios-sdk" */;
			productName = FirebaseAnalytics;
		};
		81E6318D2E1FFEF900B32992 /* FirebaseAppCheck */ = {
			isa = XCSwiftPackageProductDependency;
			package = 81E6318A2E1FFEF900B32992 /* XCRemoteSwiftPackageReference "firebase-ios-sdk" */;
			productName = FirebaseAppCheck;
		};
		81E6318F2E1FFEF900B32992 /* FirebaseAuth */ = {
			isa = XCSwiftPackageProductDependency;
			package = 81E6318A2E1FFEF900B32992 /* XCRemoteSwiftPackageReference "firebase-ios-sdk" */;
			productName = FirebaseAuth;
		};
		81E631912E1FFEF900B32992 /* FirebaseCore */ = {
			isa = XCSwiftPackageProductDependency;
			package = 81E6318A2E1FFEF900B32992 /* XCRemoteSwiftPackageReference "firebase-ios-sdk" */;
			productName = FirebaseCore;
		};
		81E631932E1FFEF900B32992 /* FirebaseCrashlytics */ = {
			isa = XCSwiftPackageProductDependency;
			package = 81E6318A2E1FFEF900B32992 /* XCRemoteSwiftPackageReference "firebase-ios-sdk" */;
			productName = FirebaseCrashlytics;
		};
		81E631952E1FFEF900B32992 /* FirebaseDatabase */ = {
			isa = XCSwiftPackageProductDependency;
			package = 81E6318A2E1FFEF900B32992 /* XCRemoteSwiftPackageReference "firebase-ios-sdk" */;
			productName = FirebaseDatabase;
		};
		81E631972E1FFEF900B32992 /* FirebaseFirestore */ = {
			isa = XCSwiftPackageProductDependency;
			package = 81E6318A2E1FFEF900B32992 /* XCRemoteSwiftPackageReference "firebase-ios-sdk" */;
			productName = FirebaseFirestore;
		};
		81E631992E1FFEF900B32992 /* FirebaseFunctions */ = {
			isa = XCSwiftPackageProductDependency;
			package = 81E6318A2E1FFEF900B32992 /* XCRemoteSwiftPackageReference "firebase-ios-sdk" */;
			productName = FirebaseFunctions;
		};
		81E6319B2E1FFEF900B32992 /* FirebaseMessaging */ = {
			isa = XCSwiftPackageProductDependency;
			package = 81E6318A2E1FFEF900B32992 /* XCRemoteSwiftPackageReference "firebase-ios-sdk" */;
			productName = FirebaseMessaging;
		};
		81E6319D2E1FFEF900B32992 /* FirebasePerformance */ = {
			isa = XCSwiftPackageProductDependency;
			package = 81E6318A2E1FFEF900B32992 /* XCRemoteSwiftPackageReference "firebase-ios-sdk" */;
			productName = FirebasePerformance;
		};
		81E6319F2E1FFEF900B32992 /* FirebaseRemoteConfig */ = {
			isa = XCSwiftPackageProductDependency;
			package = 81E6318A2E1FFEF900B32992 /* XCRemoteSwiftPackageReference "firebase-ios-sdk" */;
			productName = FirebaseRemoteConfig;
		};
		81E631A12E1FFEF900B32992 /* FirebaseStorage */ = {
			isa = XCSwiftPackageProductDependency;
			package = 81E6318A2E1FFEF900B32992 /* XCRemoteSwiftPackageReference "firebase-ios-sdk" */;
			productName = FirebaseStorage;
		};
/* End XCSwiftPackageProductDependency section */
	};
	rootObject = 81E631482E1FEC6E00B32992 /* Project object */;
}
